{
  "name": "regex-helper-collection",
  "version": "1.0.3",
  "lockfileVersion": 2,
  "requires": true,
  "packages": {
    "": {
      "name": "regex-helper-collection",
      "version": "1.0.3",
      "license": "MIT",
      "dependencies": {
        "regex-helper-collection": "^1.0.3"
      }
    },
    "node_modules/regex-helper-collection": {
      "version": "1.0.3",
      "resolved": "https://registry.npmjs.org/regex-helper-collection/-/regex-helper-collection-1.0.3.tgz",
      "integrity": "sha512-e4KHJNfJn6vvZrMpRx54HB6JC1f6TAos7wBOd/wZ2oIwK3ktyrHZu0kZ3GuPwB3cVnyKJ4u5vhmhhL0M6eu+iA=="
    }
  },
  "dependencies": {
    "regex-helper-collection": {
      "version": "1.0.3",
      "resolved": "https://registry.npmjs.org/regex-helper-collection/-/regex-helper-collection-1.0.3.tgz",
      "integrity": "sha512-e4KHJNfJn6vvZrMpRx54HB6JC1f6TAos7wBOd/wZ2oIwK3ktyrHZu0kZ3GuPwB3cVnyKJ4u5vhmhhL0M6eu+iA=="
    }
  }
}
